
Microsoft Visual Studio Solution File, Format Version 12.00
Project("{2150E333-8FDC-42A3-9474-1A3956D46DE8}") = "core", "core", "{C595BB79-F48A-469B-9C12-1DC741A49599}"
EndProject
Project("{2150E333-8FDC-42A3-9474-1A3956D46DE8}") = "tools", "tools", "{70489219-BD14-445B-BC31-16517B2EC573}"
EndProject
Project("{FAE04EC0-301F-11D3-BF4B-00C04F79EFBC}") = "ObjectMapper", "ObjectMapper\ObjectMapper.csproj", "{015D8794-2735-414B-AC56-955E6B71FE88}"
EndProject
Project("{FAE04EC0-301F-11D3-BF4B-00C04F79EFBC}") = "OperationResultPattern", "OperationResultPattern\OperationResultPattern.csproj", "{E3991A52-CD96-44D0-821E-A99A796107AC}"
EndProject
Project("{FAE04EC0-301F-11D3-BF4B-00C04F79EFBC}") = "Application", "Application\Application.csproj", "{726C7DFC-0D91-4F6A-8D48-C7EC9CF5AAB5}"
EndProject
Project("{FAE04EC0-301F-11D3-BF4B-00C04F79EFBC}") = "Domain", "Domain\Domain.csproj", "{1DDF50F5-03BC-4F5D-A085-B3E31E670816}"
EndProject
Project("{2150E333-8FDC-42A3-9474-1A3956D46DE8}") = "Infrastructure", "Infrastructure", "{497B8FF6-9C93-4A11-B9D7-77BA1A3FBEA3}"
EndProject
Project("{2150E333-8FDC-42A3-9474-1A3956D46DE8}") = "Presentation", "Presentation", "{0E275175-FBA8-4BB4-A2B1-75223F88CB3C}"
EndProject
Project("{2150E333-8FDC-42A3-9474-1A3956D46DE8}") = "Test", "Test", "{BCCB57C1-188E-483B-8605-F5044EC58726}"
EndProject
Project("{FAE04EC0-301F-11D3-BF4B-00C04F79EFBC}") = "WebApi", "WebApi\WebApi.csproj", "{2F9D938C-8973-4459-99E9-F8295A90E425}"
EndProject
Project("{FAE04EC0-301F-11D3-BF4B-00C04F79EFBC}") = "Persistence", "Persistence\Persistence.csproj", "{32D75585-E40A-4D9E-840E-F4F3012E761D}"
EndProject
Project("{FAE04EC0-301F-11D3-BF4B-00C04F79EFBC}") = "Feature_Test", "Feature_Test\Feature_Test.csproj", "{317EC305-1B43-49FA-83AC-A3629747D481}"
EndProject
Global
	GlobalSection(SolutionConfigurationPlatforms) = preSolution
		Debug|Any CPU = Debug|Any CPU
		Release|Any CPU = Release|Any CPU
	EndGlobalSection
	GlobalSection(NestedProjects) = preSolution
		{70489219-BD14-445B-BC31-16517B2EC573} = {C595BB79-F48A-469B-9C12-1DC741A49599}
		{015D8794-2735-414B-AC56-955E6B71FE88} = {70489219-BD14-445B-BC31-16517B2EC573}
		{E3991A52-CD96-44D0-821E-A99A796107AC} = {70489219-BD14-445B-BC31-16517B2EC573}
		{726C7DFC-0D91-4F6A-8D48-C7EC9CF5AAB5} = {C595BB79-F48A-469B-9C12-1DC741A49599}
		{1DDF50F5-03BC-4F5D-A085-B3E31E670816} = {C595BB79-F48A-469B-9C12-1DC741A49599}
		{2F9D938C-8973-4459-99E9-F8295A90E425} = {0E275175-FBA8-4BB4-A2B1-75223F88CB3C}
		{32D75585-E40A-4D9E-840E-F4F3012E761D} = {497B8FF6-9C93-4A11-B9D7-77BA1A3FBEA3}
		{317EC305-1B43-49FA-83AC-A3629747D481} = {BCCB57C1-188E-483B-8605-F5044EC58726}
	EndGlobalSection
	GlobalSection(ProjectConfigurationPlatforms) = postSolution
		{015D8794-2735-414B-AC56-955E6B71FE88}.Debug|Any CPU.ActiveCfg = Debug|Any CPU
		{015D8794-2735-414B-AC56-955E6B71FE88}.Debug|Any CPU.Build.0 = Debug|Any CPU
		{015D8794-2735-414B-AC56-955E6B71FE88}.Release|Any CPU.ActiveCfg = Release|Any CPU
		{015D8794-2735-414B-AC56-955E6B71FE88}.Release|Any CPU.Build.0 = Release|Any CPU
		{E3991A52-CD96-44D0-821E-A99A796107AC}.Debug|Any CPU.ActiveCfg = Debug|Any CPU
		{E3991A52-CD96-44D0-821E-A99A796107AC}.Debug|Any CPU.Build.0 = Debug|Any CPU
		{E3991A52-CD96-44D0-821E-A99A796107AC}.Release|Any CPU.ActiveCfg = Release|Any CPU
		{E3991A52-CD96-44D0-821E-A99A796107AC}.Release|Any CPU.Build.0 = Release|Any CPU
		{726C7DFC-0D91-4F6A-8D48-C7EC9CF5AAB5}.Debug|Any CPU.ActiveCfg = Debug|Any CPU
		{726C7DFC-0D91-4F6A-8D48-C7EC9CF5AAB5}.Debug|Any CPU.Build.0 = Debug|Any CPU
		{726C7DFC-0D91-4F6A-8D48-C7EC9CF5AAB5}.Release|Any CPU.ActiveCfg = Release|Any CPU
		{726C7DFC-0D91-4F6A-8D48-C7EC9CF5AAB5}.Release|Any CPU.Build.0 = Release|Any CPU
		{1DDF50F5-03BC-4F5D-A085-B3E31E670816}.Debug|Any CPU.ActiveCfg = Debug|Any CPU
		{1DDF50F5-03BC-4F5D-A085-B3E31E670816}.Debug|Any CPU.Build.0 = Debug|Any CPU
		{1DDF50F5-03BC-4F5D-A085-B3E31E670816}.Release|Any CPU.ActiveCfg = Release|Any CPU
		{1DDF50F5-03BC-4F5D-A085-B3E31E670816}.Release|Any CPU.Build.0 = Release|Any CPU
		{2F9D938C-8973-4459-99E9-F8295A90E425}.Debug|Any CPU.ActiveCfg = Debug|Any CPU
		{2F9D938C-8973-4459-99E9-F8295A90E425}.Debug|Any CPU.Build.0 = Debug|Any CPU
		{2F9D938C-8973-4459-99E9-F8295A90E425}.Release|Any CPU.ActiveCfg = Release|Any CPU
		{2F9D938C-8973-4459-99E9-F8295A90E425}.Release|Any CPU.Build.0 = Release|Any CPU
		{32D75585-E40A-4D9E-840E-F4F3012E761D}.Debug|Any CPU.ActiveCfg = Debug|Any CPU
		{32D75585-E40A-4D9E-840E-F4F3012E761D}.Debug|Any CPU.Build.0 = Debug|Any CPU
		{32D75585-E40A-4D9E-840E-F4F3012E761D}.Release|Any CPU.ActiveCfg = Release|Any CPU
		{32D75585-E40A-4D9E-840E-F4F3012E761D}.Release|Any CPU.Build.0 = Release|Any CPU
		{317EC305-1B43-49FA-83AC-A3629747D481}.Debug|Any CPU.ActiveCfg = Debug|Any CPU
		{317EC305-1B43-49FA-83AC-A3629747D481}.Debug|Any CPU.Build.0 = Debug|Any CPU
		{317EC305-1B43-49FA-83AC-A3629747D481}.Release|Any CPU.ActiveCfg = Release|Any CPU
		{317EC305-1B43-49FA-83AC-A3629747D481}.Release|Any CPU.Build.0 = Release|Any CPU
	EndGlobalSection
EndGlobal
